<?xml version="1.0" encoding="utf-8"?>
<Project ToolsVersion="4.0" xmlns="http://schemas.microsoft.com/developer/msbuild/2003">
  <ItemGroup>
    <Filter Include="Source Files">
      <UniqueIdentifier>{4FC737F1-C7A5-4376-A066-2A32D752A2FF}</UniqueIdentifier>
      <Extensions>cpp;c;cc;cxx;def;odl;idl;hpj;bat;asm;asmx</Extensions>
    </Filter>
    <Filter Include="Header Files">
      <UniqueIdentifier>{93995380-89BD-4b04-88EB-625FBE52EBFB}</UniqueIdentifier>
      <Extensions>h;hh;hpp;hxx;hm;inl;inc;ipp;xsd</Extensions>
    </Filter>
    <Filter Include="Resource Files">
      <UniqueIdentifier>{67DA6AB6-F800-4c08-8B7A-83BB121AAD01}</UniqueIdentifier>
      <Extensions>rc;ico;cur;bmp;dlg;rc2;rct;bin;rgs;gif;jpg;jpeg;jpe;resx;tiff;tif;png;wav;mfcribbon-ms</Extensions>
    </Filter>
    <Filter Include="Source Files\2018">
      <UniqueIdentifier>{36766097-48b8-48c0-b726-19dba6add284}</UniqueIdentifier>
    </Filter>
    <Filter Include="Source Files\2018\ps">
      <UniqueIdentifier>{220cf7a1-e7b8-476d-9b37-0f211bdd889f}</UniqueIdentifier>
    </Filter>
    <Filter Include="Source Files\2018\r3">
      <UniqueIdentifier>{9574d81b-2e9d-4a0a-bde8-9aed19a6dc0c}</UniqueIdentifier>
    </Filter>
    <Filter Include="Source Files\2018\qr">
      <UniqueIdentifier>{7a9ed75e-c492-4e97-a659-a0096cd1667f}</UniqueIdentifier>
    </Filter>
    <Filter Include="Source Files\2018\r1a">
      <UniqueIdentifier>{e331a9ff-9042-4c02-9774-25dd40435c9a}</UniqueIdentifier>
    </Filter>
    <Filter Include="Source Files\2018\r1b">
      <UniqueIdentifier>{921c4b59-4102-4837-bedf-114bbf50f74d}</UniqueIdentifier>
    </Filter>
  </ItemGroup>
  <ItemGroup>
    <ClCompile Include="main.cpp">
      <Filter>Source Files</Filter>
    </ClCompile>
    <ClCompile Include="2018\PS\number_guessing.cpp">
      <Filter>Source Files\2018\ps</Filter>
    </ClCompile>
    <ClCompile Include="2018\ps\senate_evacuation.cpp">
      <Filter>Source Files\2018\ps</Filter>
    </ClCompile>
    <ClCompile Include="2018\r3\field_trip.cpp">
      <Filter>Source Files\2018\r3</Filter>
    </ClCompile>
    <ClCompile Include="2018\ps\steed_2_cruise_control.cpp">
      <Filter>Source Files\2018\ps</Filter>
    </ClCompile>
    <ClCompile Include="2018\ps\bathroom_stalls.cpp">
      <Filter>Source Files\2018\ps</Filter>
    </ClCompile>
    <ClCompile Include="2018\qr\saving_the_universe_again.cpp">
      <Filter>Source Files\2018\qr</Filter>
    </ClCompile>
    <ClCompile Include="2018\qr\trouble_sort.cpp">
      <Filter>Source Files\2018\qr</Filter>
    </ClCompile>
    <ClCompile Include="2018\qr\go_gopher.cpp">
      <Filter>Source Files\2018\qr</Filter>
    </ClCompile>
    <ClCompile Include="2018\qr\cubic_ufo.cpp">
      <Filter>Source Files\2018\qr</Filter>
    </ClCompile>
    <ClCompile Include="2018\r1a\waffle_choppers.cpp">
      <Filter>Source Files\2018\r1a</Filter>
    </ClCompile>
    <ClCompile Include="2018\r1a\big_party.cpp">
      <Filter>Source Files\2018\r1a</Filter>
    </ClCompile>
    <ClCompile Include="2018\r1a\edgy_baking.cpp">
      <Filter>Source Files\2018\r1a</Filter>
    </ClCompile>
    <ClCompile Include="2018\r1b\rounding_error.cpp">
      <Filter>Source Files\2018\r1b</Filter>
    </ClCompile>
    <ClCompile Include="2018\r1b\transmutation.cpp">
      <Filter>Source Files\2018\r1b</Filter>
    </ClCompile>
    <ClCompile Include="2018\r1b\mysterious_road_signs_slow.cpp">
      <Filter>Source Files\2018\r1b</Filter>
    </ClCompile>
    <ClCompile Include="2018\r1b\mysterious_road_signs.cpp">
      <Filter>Source Files\2018\r1b</Filter>
    </ClCompile>
  </ItemGroup>
</Project>