<?xml version="1.0" encoding="utf-8"?>
<Project ToolsVersion="4.0" xmlns="http://schemas.microsoft.com/developer/msbuild/2003">
  <ItemGroup>
    <Filter Include="Source Files">
      <UniqueIdentifier>{4FC737F1-C7A5-4376-A066-2A32D752A2FF}</UniqueIdentifier>
      <Extensions>cpp;c;cc;cxx;def;odl;idl;hpj;bat;asm;asmx</Extensions>
    </Filter>
    <Filter Include="Header Files">
      <UniqueIdentifier>{93995380-89BD-4b04-88EB-625FBE52EBFB}</UniqueIdentifier>
      <Extensions>h;hh;hpp;hxx;hm;inl;inc;ipp;xsd</Extensions>
    </Filter>
    <Filter Include="Resource Files">
      <UniqueIdentifier>{67DA6AB6-F800-4c08-8B7A-83BB121AAD01}</UniqueIdentifier>
      <Extensions>rc;ico;cur;bmp;dlg;rc2;rct;bin;rgs;gif;jpg;jpeg;jpe;resx;tiff;tif;png;wav;mfcribbon-ms</Extensions>
    </Filter>
    <Filter Include="Source Files\2018">
      <UniqueIdentifier>{a637b706-fb61-48a4-8637-df091b4a2c8e}</UniqueIdentifier>
    </Filter>
    <Filter Include="Source Files\2018\r1">
      <UniqueIdentifier>{193c2f74-c98b-4686-83d0-3f33c0ec9e94}</UniqueIdentifier>
    </Filter>
    <Filter Include="Source Files\2017">
      <UniqueIdentifier>{fd7ee7aa-8110-4a5e-b7b3-ae61ca2d5747}</UniqueIdentifier>
    </Filter>
    <Filter Include="Source Files\2017\r1">
      <UniqueIdentifier>{0b644dbe-479e-4e8b-9f19-3834aae546ff}</UniqueIdentifier>
    </Filter>
    <Filter Include="Source Files\2017\r2">
      <UniqueIdentifier>{a7320bbb-af29-4d5b-bdb1-a9bcba771984}</UniqueIdentifier>
    </Filter>
    <Filter Include="Source Files\2017\r3">
      <UniqueIdentifier>{693caab3-5773-4d91-ab71-28678702e981}</UniqueIdentifier>
    </Filter>
  </ItemGroup>
  <ItemGroup>
    <ClInclude Include="message.h">
      <Filter>Header Files</Filter>
    </ClInclude>
    <ClInclude Include="2018\r1\stones.h">
      <Filter>Source Files\2018\r1</Filter>
    </ClInclude>
    <ClInclude Include="2018\r1\towels.h">
      <Filter>Source Files\2018\r1</Filter>
    </ClInclude>
    <ClInclude Include="2018\r1\kenneth.h">
      <Filter>Source Files\2018\r1</Filter>
    </ClInclude>
    <ClInclude Include="2017\r1\pancakes.h">
      <Filter>Source Files\2017\r1</Filter>
    </ClInclude>
    <ClInclude Include="2017\r1\query_of_death.h">
      <Filter>Source Files\2017\r1</Filter>
    </ClInclude>
    <ClInclude Include="2017\r1\weird_editor.h">
      <Filter>Source Files\2017\r1</Filter>
    </ClInclude>
    <ClInclude Include="2017\r2\broken_memory.h">
      <Filter>Source Files\2017\r2</Filter>
    </ClInclude>
    <ClInclude Include="2017\r2\flagpoles.h">
      <Filter>Source Files\2017\r2</Filter>
    </ClInclude>
    <ClInclude Include="2017\r2\number_bases.h">
      <Filter>Source Files\2017\r2</Filter>
    </ClInclude>
    <ClInclude Include="2017\r3\baby_blocks.h">
      <Filter>Source Files\2017\r3</Filter>
    </ClInclude>
    <ClInclude Include="2017\r3\lemming.h">
      <Filter>Source Files\2017\r3</Filter>
    </ClInclude>
  </ItemGroup>
  <ItemGroup>
    <ClCompile Include="main.cpp">
      <Filter>Source Files</Filter>
    </ClCompile>
    <ClCompile Include="message_fake.cpp">
      <Filter>Source Files</Filter>
    </ClCompile>
    <ClCompile Include="2018\r1\stones.cpp">
      <Filter>Source Files\2018\r1</Filter>
    </ClCompile>
    <ClCompile Include="2018\r1\towels.cpp">
      <Filter>Source Files\2018\r1</Filter>
    </ClCompile>
    <ClCompile Include="2018\r1\kenneth.cpp">
      <Filter>Source Files\2018\r1</Filter>
    </ClCompile>
    <ClCompile Include="2017\r1\pancakes.cpp">
      <Filter>Source Files\2017\r1</Filter>
    </ClCompile>
    <ClCompile Include="2017\r1\query_of_death.cpp">
      <Filter>Source Files\2017\r1</Filter>
    </ClCompile>
    <ClCompile Include="2017\r1\weird_editor.cpp">
      <Filter>Source Files\2017\r1</Filter>
    </ClCompile>
    <ClCompile Include="2017\r2\broken_memory.cpp">
      <Filter>Source Files\2017\r2</Filter>
    </ClCompile>
    <ClCompile Include="2017\r2\flagpoles.cpp">
      <Filter>Source Files\2017\r2</Filter>
    </ClCompile>
    <ClCompile Include="2017\r2\number_bases.cpp">
      <Filter>Source Files\2017\r2</Filter>
    </ClCompile>
    <ClCompile Include="2017\r3\baby_blocks.cpp">
      <Filter>Source Files\2017\r3</Filter>
    </ClCompile>
    <ClCompile Include="2017\r3\lemming.cpp">
      <Filter>Source Files\2017\r3</Filter>
    </ClCompile>
  </ItemGroup>
  <ItemGroup>
    <None Include="problems.md">
      <Filter>Resource Files</Filter>
    </None>
  </ItemGroup>
</Project>