<?xml version="1.0" encoding="utf-8"?>
<Project ToolsVersion="4.0" xmlns="http://schemas.microsoft.com/developer/msbuild/2003">
  <ItemGroup>
    <Filter Include="Source Files">
      <UniqueIdentifier>{4FC737F1-C7A5-4376-A066-2A32D752A2FF}</UniqueIdentifier>
      <Extensions>cpp;c;cc;cxx;def;odl;idl;hpj;bat;asm;asmx</Extensions>
    </Filter>
    <Filter Include="Header Files">
      <UniqueIdentifier>{93995380-89BD-4b04-88EB-625FBE52EBFB}</UniqueIdentifier>
      <Extensions>h;hh;hpp;hxx;hm;inl;inc;ipp;xsd</Extensions>
    </Filter>
    <Filter Include="Resource Files">
      <UniqueIdentifier>{67DA6AB6-F800-4c08-8B7A-83BB121AAD01}</UniqueIdentifier>
      <Extensions>rc;ico;cur;bmp;dlg;rc2;rct;bin;rgs;gif;jpg;jpeg;jpe;resx;tiff;tif;png;wav;mfcribbon-ms</Extensions>
    </Filter>
    <Filter Include="Header Files\graph">
      <UniqueIdentifier>{624d3173-0710-4b16-8147-001705267029}</UniqueIdentifier>
    </Filter>
    <Filter Include="Header Files\vector">
      <UniqueIdentifier>{fa90b140-ae58-4c23-8735-ddf879eef930}</UniqueIdentifier>
    </Filter>
    <Filter Include="Header Files\numeric">
      <UniqueIdentifier>{e879a985-aa78-46f7-b47d-d5c106771aa8}</UniqueIdentifier>
    </Filter>
    <Filter Include="Header Files\matrix">
      <UniqueIdentifier>{aa744fc2-44a6-4d87-9d2c-12e2f44a6a35}</UniqueIdentifier>
    </Filter>
  </ItemGroup>
  <ItemGroup>
    <ClCompile Include="compile_test.cpp">
      <Filter>Source Files</Filter>
    </ClCompile>
    <ClCompile Include="include_headers.cpp">
      <Filter>Source Files</Filter>
    </ClCompile>
  </ItemGroup>
  <ItemGroup>
    <ClInclude Include="graph\base_graph.h">
      <Filter>Header Files\graph</Filter>
    </ClInclude>
    <ClInclude Include="graph\base_tree.h">
      <Filter>Header Files\graph</Filter>
    </ClInclude>
    <ClInclude Include="graph\lca.h">
      <Filter>Header Files\graph</Filter>
    </ClInclude>
    <ClInclude Include="base.h">
      <Filter>Header Files</Filter>
    </ClInclude>
    <ClInclude Include="hash.h">
      <Filter>Header Files</Filter>
    </ClInclude>
    <ClInclude Include="vector\utils.h">
      <Filter>Header Files\vector</Filter>
    </ClInclude>
    <ClInclude Include="numeric\modular_arithmetic.h">
      <Filter>Header Files\numeric</Filter>
    </ClInclude>
    <ClInclude Include="template.h">
      <Filter>Header Files</Filter>
    </ClInclude>
    <ClInclude Include="numeric\primes_list.h">
      <Filter>Header Files\numeric</Filter>
    </ClInclude>
    <ClInclude Include="numeric\modular.h">
      <Filter>Header Files\numeric</Filter>
    </ClInclude>
    <ClInclude Include="numeric\modular_arithmetic_proxy.h">
      <Filter>Header Files\numeric</Filter>
    </ClInclude>
    <ClInclude Include="numeric\modular_arithmetic_static_proxy.h">
      <Filter>Header Files\numeric</Filter>
    </ClInclude>
    <ClInclude Include="numeric\utils.h">
      <Filter>Header Files\numeric</Filter>
    </ClInclude>
    <ClInclude Include="numeric\factorial_modular.h">
      <Filter>Header Files\numeric</Filter>
    </ClInclude>
    <ClInclude Include="numeric\binomial_coefficient_modular.h">
      <Filter>Header Files\numeric</Filter>
    </ClInclude>
    <ClInclude Include="numeric\complex.h">
      <Filter>Header Files\numeric</Filter>
    </ClInclude>
    <ClInclude Include="numeric\complex_modular_proxy.h">
      <Filter>Header Files\numeric</Filter>
    </ClInclude>
    <ClInclude Include="matrix\matrix_static_size.h">
      <Filter>Header Files\matrix</Filter>
    </ClInclude>
  </ItemGroup>
  <ItemGroup>
    <None Include="..\current_solution.inl">
      <Filter>Resource Files</Filter>
    </None>
    <None Include="TODO.md">
      <Filter>Resource Files</Filter>
    </None>
  </ItemGroup>
</Project>