<?xml version="1.0" encoding="utf-8"?>
<Project ToolsVersion="4.0" xmlns="http://schemas.microsoft.com/developer/msbuild/2003">
  <ItemGroup>
    <Filter Include="Source Files">
      <UniqueIdentifier>{4FC737F1-C7A5-4376-A066-2A32D752A2FF}</UniqueIdentifier>
      <Extensions>cpp;c;cc;cxx;def;odl;idl;hpj;bat;asm;asmx</Extensions>
    </Filter>
    <Filter Include="Header Files">
      <UniqueIdentifier>{93995380-89BD-4b04-88EB-625FBE52EBFB}</UniqueIdentifier>
      <Extensions>h;hh;hpp;hxx;hm;inl;inc;ipp;xsd</Extensions>
    </Filter>
    <Filter Include="Resource Files">
      <UniqueIdentifier>{67DA6AB6-F800-4c08-8B7A-83BB121AAD01}</UniqueIdentifier>
      <Extensions>rc;ico;cur;bmp;dlg;rc2;rct;bin;rgs;gif;jpg;jpeg;jpe;resx;tiff;tif;png;wav;mfcribbon-ms</Extensions>
    </Filter>
    <Filter Include="Header Files\graph">
      <UniqueIdentifier>{624d3173-0710-4b16-8147-001705267029}</UniqueIdentifier>
    </Filter>
    <Filter Include="Header Files\vector">
      <UniqueIdentifier>{fa90b140-ae58-4c23-8735-ddf879eef930}</UniqueIdentifier>
    </Filter>
    <Filter Include="Header Files\numeric">
      <UniqueIdentifier>{e879a985-aa78-46f7-b47d-d5c106771aa8}</UniqueIdentifier>
    </Filter>
    <Filter Include="Header Files\matrix">
      <UniqueIdentifier>{aa744fc2-44a6-4d87-9d2c-12e2f44a6a35}</UniqueIdentifier>
    </Filter>
    <Filter Include="Header Files\binary_search_tree">
      <UniqueIdentifier>{4a4ae71a-b369-4a34-b05b-694752ec94fe}</UniqueIdentifier>
    </Filter>
    <Filter Include="Header Files\binary_search_tree\utils">
      <UniqueIdentifier>{0117db26-e7d7-46ba-98c1-786c9ec4b335}</UniqueIdentifier>
    </Filter>
    <Filter Include="Header Files\binary_search_tree\info">
      <UniqueIdentifier>{e50aa0da-ba18-42a0-b95b-0302b1253478}</UniqueIdentifier>
    </Filter>
    <Filter Include="Header Files\binary_search_tree\action">
      <UniqueIdentifier>{071ad817-749c-4d3f-a1f7-eac7d445676c}</UniqueIdentifier>
    </Filter>
    <Filter Include="Header Files\numeric\utils">
      <UniqueIdentifier>{bab5dc02-2ea8-426f-a4b6-c6cb58928b08}</UniqueIdentifier>
    </Filter>
  </ItemGroup>
  <ItemGroup>
    <ClCompile Include="compile_test.cpp">
      <Filter>Source Files</Filter>
    </ClCompile>
    <ClCompile Include="include_headers.cpp">
      <Filter>Source Files</Filter>
    </ClCompile>
  </ItemGroup>
  <ItemGroup>
    <ClInclude Include="graph\base_graph.h">
      <Filter>Header Files\graph</Filter>
    </ClInclude>
    <ClInclude Include="graph\base_tree.h">
      <Filter>Header Files\graph</Filter>
    </ClInclude>
    <ClInclude Include="graph\lca.h">
      <Filter>Header Files\graph</Filter>
    </ClInclude>
    <ClInclude Include="base.h">
      <Filter>Header Files</Filter>
    </ClInclude>
    <ClInclude Include="hash.h">
      <Filter>Header Files</Filter>
    </ClInclude>
    <ClInclude Include="vector\utils.h">
      <Filter>Header Files\vector</Filter>
    </ClInclude>
    <ClInclude Include="numeric\modular_arithmetic.h">
      <Filter>Header Files\numeric</Filter>
    </ClInclude>
    <ClInclude Include="template.h">
      <Filter>Header Files</Filter>
    </ClInclude>
    <ClInclude Include="numeric\primes_list.h">
      <Filter>Header Files\numeric</Filter>
    </ClInclude>
    <ClInclude Include="numeric\modular.h">
      <Filter>Header Files\numeric</Filter>
    </ClInclude>
    <ClInclude Include="numeric\modular_arithmetic_proxy.h">
      <Filter>Header Files\numeric</Filter>
    </ClInclude>
    <ClInclude Include="numeric\modular_arithmetic_static_proxy.h">
      <Filter>Header Files\numeric</Filter>
    </ClInclude>
    <ClInclude Include="numeric\factorial_modular.h">
      <Filter>Header Files\numeric</Filter>
    </ClInclude>
    <ClInclude Include="numeric\binomial_coefficient_modular.h">
      <Filter>Header Files\numeric</Filter>
    </ClInclude>
    <ClInclude Include="numeric\complex.h">
      <Filter>Header Files\numeric</Filter>
    </ClInclude>
    <ClInclude Include="numeric\complex_modular_proxy.h">
      <Filter>Header Files\numeric</Filter>
    </ClInclude>
    <ClInclude Include="matrix\matrix_static_size.h">
      <Filter>Header Files\matrix</Filter>
    </ClInclude>
    <ClInclude Include="graph\centroid_decomposition.h">
      <Filter>Header Files\graph</Filter>
    </ClInclude>
    <ClInclude Include="graph\base_subgraph.h">
      <Filter>Header Files\graph</Filter>
    </ClInclude>
    <ClInclude Include="graph\base_tree_isomorphic_hash.h">
      <Filter>Header Files\graph</Filter>
    </ClInclude>
    <ClInclude Include="binary_search_tree\node.h">
      <Filter>Header Files\binary_search_tree</Filter>
    </ClInclude>
    <ClInclude Include="binary_search_tree\nodes_manager.h">
      <Filter>Header Files\binary_search_tree</Filter>
    </ClInclude>
    <ClInclude Include="binary_search_tree\treap.h">
      <Filter>Header Files\binary_search_tree</Filter>
    </ClInclude>
    <ClInclude Include="binary_search_tree\traversal.h">
      <Filter>Header Files\binary_search_tree</Filter>
    </ClInclude>
    <ClInclude Include="binary_search_tree\splay_tree.h">
      <Filter>Header Files\binary_search_tree</Filter>
    </ClInclude>
    <ClInclude Include="binary_search_tree\utils\rotate.h">
      <Filter>Header Files\binary_search_tree\utils</Filter>
    </ClInclude>
    <ClInclude Include="binary_search_tree\action.h">
      <Filter>Header Files\binary_search_tree</Filter>
    </ClInclude>
    <ClInclude Include="binary_search_tree\find_by_order.h">
      <Filter>Header Files\binary_search_tree</Filter>
    </ClInclude>
    <ClInclude Include="binary_search_tree\info.h">
      <Filter>Header Files\binary_search_tree</Filter>
    </ClInclude>
    <ClInclude Include="binary_search_tree\find_by_key.h">
      <Filter>Header Files\binary_search_tree</Filter>
    </ClInclude>
    <ClInclude Include="binary_search_tree\rotate.h">
      <Filter>Header Files\binary_search_tree</Filter>
    </ClInclude>
    <ClInclude Include="binary_search_tree\red_black_tree.h">
      <Filter>Header Files\binary_search_tree</Filter>
    </ClInclude>
    <ClInclude Include="binary_search_tree\swap.h">
      <Filter>Header Files\binary_search_tree</Filter>
    </ClInclude>
    <ClInclude Include="binary_search_tree\sibling.h">
      <Filter>Header Files\binary_search_tree</Filter>
    </ClInclude>
    <ClInclude Include="binary_search_tree\scapegoat_tree.h">
      <Filter>Header Files\binary_search_tree</Filter>
    </ClInclude>
    <ClInclude Include="binary_search_tree\tree.h">
      <Filter>Header Files\binary_search_tree</Filter>
    </ClInclude>
    <ClInclude Include="timer.h">
      <Filter>Header Files</Filter>
    </ClInclude>
    <ClInclude Include="binary_search_tree\insert_by_key.h">
      <Filter>Header Files\binary_search_tree</Filter>
    </ClInclude>
    <ClInclude Include="binary_search_tree\insert_by_key_with_path.h">
      <Filter>Header Files\binary_search_tree</Filter>
    </ClInclude>
    <ClInclude Include="binary_search_tree\info\sum.h">
      <Filter>Header Files\binary_search_tree\info</Filter>
    </ClInclude>
    <ClInclude Include="binary_search_tree\action\add.h">
      <Filter>Header Files\binary_search_tree\action</Filter>
    </ClInclude>
    <ClInclude Include="binary_search_tree\utils\reset_parent_links.h">
      <Filter>Header Files\binary_search_tree\utils</Filter>
    </ClInclude>
    <ClInclude Include="disjoint_set.h">
      <Filter>Header Files</Filter>
    </ClInclude>
    <ClInclude Include="disjoint_set_extended.h">
      <Filter>Header Files</Filter>
    </ClInclude>
    <ClInclude Include="numeric\utils\digits_sum.h">
      <Filter>Header Files\numeric\utils</Filter>
    </ClInclude>
    <ClInclude Include="numeric\utils\gcd.h">
      <Filter>Header Files\numeric\utils</Filter>
    </ClInclude>
    <ClInclude Include="numeric\utils\legendre_symbol.h">
      <Filter>Header Files\numeric\utils</Filter>
    </ClInclude>
    <ClInclude Include="numeric\utils\pow.h">
      <Filter>Header Files\numeric\utils</Filter>
    </ClInclude>
    <ClInclude Include="numeric\utils\primitive_root.h">
      <Filter>Header Files\numeric\utils</Filter>
    </ClInclude>
    <ClInclude Include="numeric\fibonacci_modular_matrix.h">
      <Filter>Header Files\numeric</Filter>
    </ClInclude>
    <ClInclude Include="numeric\primality_test.h">
      <Filter>Header Files\numeric</Filter>
    </ClInclude>
    <ClInclude Include="binary_search_tree\info\gcd.h">
      <Filter>Header Files\binary_search_tree\info</Filter>
    </ClInclude>
  </ItemGroup>
  <ItemGroup>
    <None Include="..\current_solution.inl">
      <Filter>Resource Files</Filter>
    </None>
    <None Include="TODO.md">
      <Filter>Resource Files</Filter>
    </None>
  </ItemGroup>
</Project>